
Microsoft Visual Studio Solution File, Format Version 12.00
# Visual Studio Version 17
VisualStudioVersion = 17.8.34525.116
MinimumVisualStudioVersion = 10.0.40219.1
Project("{FAE04EC0-301F-11D3-BF4B-00C04F79EFBC}") = "CinemaEx", "CinemaEx\CinemaEx.csproj", "{51F0B073-7C69-45BF-8668-A9567C582103}"
EndProject
Global
	GlobalSection(SolutionConfigurationPlatforms) = preSolution
		Debug|Any CPU = Debug|Any CPU
		Release|Any CPU = Release|Any CPU
	EndGlobalSection
	GlobalSection(ProjectConfigurationPlatforms) = postSolution
		{51F0B073-7C69-45BF-8668-A9567C582103}.Debug|Any CPU.ActiveCfg = Debug|Any CPU
		{51F0B073-7C69-45BF-8668-A9567C582103}.Debug|Any CPU.Build.0 = Debug|Any CPU
		{51F0B073-7C69-45BF-8668-A9567C582103}.Release|Any CPU.ActiveCfg = Release|Any CPU
		{51F0B073-7C69-45BF-8668-A9567C582103}.Release|Any CPU.Build.0 = Release|Any CPU
	EndGlobalSection
	GlobalSection(SolutionProperties) = preSolution
		HideSolutionNode = FALSE
	EndGlobalSection
	GlobalSection(ExtensibilityGlobals) = postSolution
		SolutionGuid = {77D45520-71B4-4E0C-B8D3-45383A5834D7}
	EndGlobalSection
EndGlobal
